
Microsoft Visual Studio Solution File, Format Version 12.00
# Visual Studio Version 17
VisualStudioVersion = 17.7.34202.233
MinimumVisualStudioVersion = 10.0.40219.1
Project("{8BC9CEB8-8B4A-11D0-8D11-00A0C91BC942}") = "greedy", "greedy\greedy.vcxproj", "{72376109-9946-4AB3-92BA-43606C980505}"
EndProject
Global
	GlobalSection(SolutionConfigurationPlatforms) = preSolution
		Debug|x64 = Debug|x64
		Debug|x86 = Debug|x86
		Release|x64 = Release|x64
		Release|x86 = Release|x86
	EndGlobalSection
	GlobalSection(ProjectConfigurationPlatforms) = postSolution
		{72376109-9946-4AB3-92BA-43606C980505}.Debug|x64.ActiveCfg = Debug|x64
		{72376109-9946-4AB3-92BA-43606C980505}.Debug|x64.Build.0 = Debug|x64
		{72376109-9946-4AB3-92BA-43606C980505}.Debug|x86.ActiveCfg = Debug|Win32
		{72376109-9946-4AB3-92BA-43606C980505}.Debug|x86.Build.0 = Debug|Win32
		{72376109-9946-4AB3-92BA-43606C980505}.Release|x64.ActiveCfg = Release|x64
		{72376109-9946-4AB3-92BA-43606C980505}.Release|x64.Build.0 = Release|x64
		{72376109-9946-4AB3-92BA-43606C980505}.Release|x86.ActiveCfg = Release|Win32
		{72376109-9946-4AB3-92BA-43606C980505}.Release|x86.Build.0 = Release|Win32
	EndGlobalSection
	GlobalSection(SolutionProperties) = preSolution
		HideSolutionNode = FALSE
	EndGlobalSection
	GlobalSection(ExtensibilityGlobals) = postSolution
		SolutionGuid = {978F6725-1D49-4085-B768-D874DC38AE43}
	EndGlobalSection
EndGlobal
