
Microsoft Visual Studio Solution File, Format Version 12.00
# Visual Studio Version 17
VisualStudioVersion = 17.7.34003.232
MinimumVisualStudioVersion = 10.0.40219.1
Project("{8BC9CEB8-8B4A-11D0-8D11-00A0C91BC942}") = "1-d_dynamic_programming", "1-d_dynamic_programming\1-d_dynamic_programming.vcxproj", "{D08D11C6-C4C2-4C99-84C5-E3ED799AF8EC}"
EndProject
Global
	GlobalSection(SolutionConfigurationPlatforms) = preSolution
		Debug|x64 = Debug|x64
		Debug|x86 = Debug|x86
		Release|x64 = Release|x64
		Release|x86 = Release|x86
	EndGlobalSection
	GlobalSection(ProjectConfigurationPlatforms) = postSolution
		{D08D11C6-C4C2-4C99-84C5-E3ED799AF8EC}.Debug|x64.ActiveCfg = Debug|x64
		{D08D11C6-C4C2-4C99-84C5-E3ED799AF8EC}.Debug|x64.Build.0 = Debug|x64
		{D08D11C6-C4C2-4C99-84C5-E3ED799AF8EC}.Debug|x86.ActiveCfg = Debug|Win32
		{D08D11C6-C4C2-4C99-84C5-E3ED799AF8EC}.Debug|x86.Build.0 = Debug|Win32
		{D08D11C6-C4C2-4C99-84C5-E3ED799AF8EC}.Release|x64.ActiveCfg = Release|x64
		{D08D11C6-C4C2-4C99-84C5-E3ED799AF8EC}.Release|x64.Build.0 = Release|x64
		{D08D11C6-C4C2-4C99-84C5-E3ED799AF8EC}.Release|x86.ActiveCfg = Release|Win32
		{D08D11C6-C4C2-4C99-84C5-E3ED799AF8EC}.Release|x86.Build.0 = Release|Win32
	EndGlobalSection
	GlobalSection(SolutionProperties) = preSolution
		HideSolutionNode = FALSE
	EndGlobalSection
	GlobalSection(ExtensibilityGlobals) = postSolution
		SolutionGuid = {A8C3B9D2-8B01-42E8-8524-26F4C4852612}
	EndGlobalSection
EndGlobal
